
Microsoft Visual Studio Solution File, Format Version 12.00
# Visual Studio 14
VisualStudioVersion = 14.0.22310.1
MinimumVisualStudioVersion = 10.0.40219.1
Project("{FAE04EC0-301F-11D3-BF4B-00C04F79EFBC}") = "ConsoleApplication5", "ConsoleApplication5\ConsoleApplication5.csproj", "{DCB837F6-F00C-4D00-9177-D41EA63A4C3E}"
EndProject
Global
	GlobalSection(SolutionConfigurationPlatforms) = preSolution
		Debug|Any CPU = Debug|Any CPU
		Release|Any CPU = Release|Any CPU
	EndGlobalSection
	GlobalSection(ProjectConfigurationPlatforms) = postSolution
		{DCB837F6-F00C-4D00-9177-D41EA63A4C3E}.Debug|Any CPU.ActiveCfg = Debug|Any CPU
		{DCB837F6-F00C-4D00-9177-D41EA63A4C3E}.Debug|Any CPU.Build.0 = Debug|Any CPU
		{DCB837F6-F00C-4D00-9177-D41EA63A4C3E}.Release|Any CPU.ActiveCfg = Release|Any CPU
		{DCB837F6-F00C-4D00-9177-D41EA63A4C3E}.Release|Any CPU.Build.0 = Release|Any CPU
	EndGlobalSection
	GlobalSection(SolutionProperties) = preSolution
		HideSolutionNode = FALSE
	EndGlobalSection
EndGlobal
